
Microsoft Visual Studio Solution File, Format Version 12.00
# Visual Studio Version 17
VisualStudioVersion = 17.6.33626.354
MinimumVisualStudioVersion = 10.0.40219.1
Project("{FAE04EC0-301F-11D3-BF4B-00C04F79EFBC}") = "GeneticAlgorithm", "GeneticAlgorithm.csproj", "{435332BC-E045-48B7-BC93-E9B95DD562FE}"
EndProject
Global
	GlobalSection(SolutionConfigurationPlatforms) = preSolution
		Debug|Any CPU = Debug|Any CPU
		Release|Any CPU = Release|Any CPU
	EndGlobalSection
	GlobalSection(ProjectConfigurationPlatforms) = postSolution
		{435332BC-E045-48B7-BC93-E9B95DD562FE}.Debug|Any CPU.ActiveCfg = Debug|Any CPU
		{435332BC-E045-48B7-BC93-E9B95DD562FE}.Debug|Any CPU.Build.0 = Debug|Any CPU
		{435332BC-E045-48B7-BC93-E9B95DD562FE}.Release|Any CPU.ActiveCfg = Release|Any CPU
		{435332BC-E045-48B7-BC93-E9B95DD562FE}.Release|Any CPU.Build.0 = Release|Any CPU
	EndGlobalSection
	GlobalSection(SolutionProperties) = preSolution
		HideSolutionNode = FALSE
	EndGlobalSection
	GlobalSection(ExtensibilityGlobals) = postSolution
		SolutionGuid = {08B6E922-7470-4973-8ABC-71D2EB13311A}
	EndGlobalSection
EndGlobal
